// !$*UTF8*$!
{
	archiveVersion = 1;
	classes = {
	};
	objectVersion = 50;
	objects = {

/* Begin PBXBuildFile section */
		0F60BB4DBE0DEAD09DB3E688 /* Pods_GankIOClient.framework in Frameworks */ = {isa = PBXBuildFile; fileRef = 2A935EECF91E4FB41AE80535 /* Pods_GankIOClient.framework */; };
		C1E5976526BA48B3003EDFEA /* AppDelegate.swift in Sources */ = {isa = PBXBuildFile; fileRef = C1E5976426BA48B3003EDFEA /* AppDelegate.swift */; };
		C1E5976726BA48B3003EDFEA /* SceneDelegate.swift in Sources */ = {isa = PBXBuildFile; fileRef = C1E5976626BA48B3003EDFEA /* SceneDelegate.swift */; };
		C1E5976926BA48B3003EDFEA /* ViewController.swift in Sources */ = {isa = PBXBuildFile; fileRef = C1E5976826BA48B3003EDFEA /* ViewController.swift */; };
		C1E5976E26BA48B5003EDFEA /* Assets.xcassets in Resources */ = {isa = PBXBuildFile; fileRef = C1E5976D26BA48B5003EDFEA /* Assets.xcassets */; };
		C1E5977126BA48B5003EDFEA /* LaunchScreen.storyboard in Resources */ = {isa = PBXBuildFile; fileRef = C1E5976F26BA48B5003EDFEA /* LaunchScreen.storyboard */; };
/* End PBXBuildFile section */

/* Begin PBXFileReference section */
		2A935EECF91E4FB41AE80535 /* Pods_GankIOClient.framework */ = {isa = PBXFileReference; explicitFileType = wrapper.framework; includeInIndex = 0; path = Pods_GankIOClient.framework; sourceTree = BUILT_PRODUCTS_DIR; };
		6DF7555A8E2B80BF3FA2DC6E /* Pods-GankIOClient.debug.xcconfig */ = {isa = PBXFileReference; includeInIndex = 1; lastKnownFileType = text.xcconfig; name = "Pods-GankIOClient.debug.xcconfig"; path = "Target Support Files/Pods-GankIOClient/Pods-GankIOClient.debug.xcconfig"; sourceTree = "<group>"; };
		C1E5976126BA48B3003EDFEA /* GankIOClient.app */ = {isa = PBXFileReference; explicitFileType = wrapper.application; includeInIndex = 0; path = GankIOClient.app; sourceTree = BUILT_PRODUCTS_DIR; };
		C1E5976426BA48B3003EDFEA /* AppDelegate.swift */ = {isa = PBXFileReference; lastKnownFileType = sourcecode.swift; path = AppDelegate.swift; sourceTree = "<group>"; };
		C1E5976626BA48B3003EDFEA /* SceneDelegate.swift */ = {isa = PBXFileReference; lastKnownFileType = sourcecode.swift; path = SceneDelegate.swift; sourceTree = "<group>"; };
		C1E5976826BA48B3003EDFEA /* ViewController.swift */ = {isa = PBXFileReference; lastKnownFileType = sourcecode.swift; path = ViewController.swift; sourceTree = "<group>"; };
		C1E5976D26BA48B5003EDFEA /* Assets.xcassets */ = {isa = PBXFileReference; lastKnownFileType = folder.assetcatalog; path = Assets.xcassets; sourceTree = "<group>"; };
		C1E5977026BA48B5003EDFEA /* Base */ = {isa = PBXFileReference; lastKnownFileType = file.storyboard; name = Base; path = Base.lproj/LaunchScreen.storyboard; sourceTree = "<group>"; };
		C1E5977226BA48B5003EDFEA /* Info.plist */ = {isa = PBXFileReference; lastKnownFileType = text.plist.xml; path = Info.plist; sourceTree = "<group>"; };
		EB5ABD7567A69AA2C37B463B /* Pods-GankIOClient.release.xcconfig */ = {isa = PBXFileReference; includeInIndex = 1; lastKnownFileType = text.xcconfig; name = "Pods-GankIOClient.release.xcconfig"; path = "Target Support Files/Pods-GankIOClient/Pods-GankIOClient.release.xcconfig"; sourceTree = "<group>"; };
/* End PBXFileReference section */

/* Begin PBXFrameworksBuildPhase section */
		C1E5975E26BA48B3003EDFEA /* Frameworks */ = {
			isa = PBXFrameworksBuildPhase;
			buildActionMask = 2147483647;
			files = (
				0F60BB4DBE0DEAD09DB3E688 /* Pods_GankIOClient.framework in Frameworks */,
			);
			runOnlyForDeploymentPostprocessing = 0;
		};
/* End PBXFrameworksBuildPhase section */

/* Begin PBXGroup section */
		8EDE3D003E14D2C7ED83F31A /* Frameworks */ = {
			isa = PBXGroup;
			children = (
				2A935EECF91E4FB41AE80535 /* Pods_GankIOClient.framework */,
			);
			name = Frameworks;
			sourceTree = "<group>";
		};
		C1E5975826BA48B3003EDFEA = {
			isa = PBXGroup;
			children = (
				C1E5976326BA48B3003EDFEA /* GankIOClient */,
				C1E5976226BA48B3003EDFEA /* Products */,
				DE1B8C63144C89FEBFF98B18 /* Pods */,
				8EDE3D003E14D2C7ED83F31A /* Frameworks */,
			);
			sourceTree = "<group>";
		};
		C1E5976226BA48B3003EDFEA /* Products */ = {
			isa = PBXGroup;
			children = (
				C1E5976126BA48B3003EDFEA /* GankIOClient.app */,
			);
			name = Products;
			sourceTree = "<group>";
		};
		C1E5976326BA48B3003EDFEA /* GankIOClient */ = {
			isa = PBXGroup;
			children = (
				C1E5976426BA48B3003EDFEA /* AppDelegate.swift */,
				C1E5976626BA48B3003EDFEA /* SceneDelegate.swift */,
				C1E5976826BA48B3003EDFEA /* ViewController.swift */,
				C1E5976D26BA48B5003EDFEA /* Assets.xcassets */,
				C1E5976F26BA48B5003EDFEA /* LaunchScreen.storyboard */,
				C1E5977226BA48B5003EDFEA /* Info.plist */,
			);
			path = GankIOClient;
			sourceTree = "<group>";
		};
		DE1B8C63144C89FEBFF98B18 /* Pods */ = {
			isa = PBXGroup;
			children = (
				6DF7555A8E2B80BF3FA2DC6E /* Pods-GankIOClient.debug.xcconfig */,
				EB5ABD7567A69AA2C37B463B /* Pods-GankIOClient.release.xcconfig */,
			);
			name = Pods;
			path = Pods;
			sourceTree = "<group>";
		};
/* End PBXGroup section */

/* Begin PBXNativeTarget section */
		C1E5976026BA48B3003EDFEA /* GankIOClient */ = {
			isa = PBXNativeTarget;
			buildConfigurationList = C1E5977526BA48B5003EDFEA /* Build configuration list for PBXNativeTarget "GankIOClient" */;
			buildPhases = (
				6A78A238663DFDBE9FDD2F91 /* [CP] Check Pods Manifest.lock */,
				C1E5975D26BA48B3003EDFEA /* Sources */,
				C1E5975E26BA48B3003EDFEA /* Frameworks */,
				C1E5975F26BA48B3003EDFEA /* Resources */,
				202237344499C20DB553B4B7 /* [CP] Embed Pods Frameworks */,
			);
			buildRules = (
			);
			dependencies = (
			);
			name = GankIOClient;
			productName = GankIOClient;
			productReference = C1E5976126BA48B3003EDFEA /* GankIOClient.app */;
			productType = "com.apple.product-type.application";
		};
/* End PBXNativeTarget section */

/* Begin PBXProject section */
		C1E5975926BA48B3003EDFEA /* Project object */ = {
			isa = PBXProject;
			attributes = {
				LastSwiftUpdateCheck = 1250;
				LastUpgradeCheck = 1250;
				TargetAttributes = {
					C1E5976026BA48B3003EDFEA = {
						CreatedOnToolsVersion = 12.5.1;
					};
				};
			};
			buildConfigurationList = C1E5975C26BA48B3003EDFEA /* Build configuration list for PBXProject "GankIOClient" */;
			compatibilityVersion = "Xcode 9.3";
			developmentRegion = en;
			hasScannedForEncodings = 0;
			knownRegions = (
				en,
				Base,
			);
			mainGroup = C1E5975826BA48B3003EDFEA;
			productRefGroup = C1E5976226BA48B3003EDFEA /* Products */;
			projectDirPath = "";
			projectRoot = "";
			targets = (
				C1E5976026BA48B3003EDFEA /* GankIOClient */,
			);
		};
/* End PBXProject section */

/* Begin PBXResourcesBuildPhase section */
		C1E5975F26BA48B3003EDFEA /* Resources */ = {
			isa = PBXResourcesBuildPhase;
			buildActionMask = 2147483647;
			files = (
				C1E5977126BA48B5003EDFEA /* LaunchScreen.storyboard in Resources */,
				C1E5976E26BA48B5003EDFEA /* Assets.xcassets in Resources */,
			);
			runOnlyForDeploymentPostprocessing = 0;
		};
/* End PBXResourcesBuildPhase section */

/* Begin PBXShellScriptBuildPhase section */
		202237344499C20DB553B4B7 /* [CP] Embed Pods Frameworks */ = {
			isa = PBXShellScriptBuildPhase;
			buildActionMask = 2147483647;
			files = (
			);
			inputFileListPaths = (
				"${PODS_ROOT}/Target Support Files/Pods-GankIOClient/Pods-GankIOClient-frameworks-${CONFIGURATION}-input-files.xcfilelist",
			);
			name = "[CP] Embed Pods Frameworks";
			outputFileListPaths = (
				"${PODS_ROOT}/Target Support Files/Pods-GankIOClient/Pods-GankIOClient-frameworks-${CONFIGURATION}-output-files.xcfilelist",
			);
			runOnlyForDeploymentPostprocessing = 0;
			shellPath = /bin/sh;
			shellScript = "\"${PODS_ROOT}/Target Support Files/Pods-GankIOClient/Pods-GankIOClient-frameworks.sh\"\n";
			showEnvVarsInLog = 0;
		};
		6A78A238663DFDBE9FDD2F91 /* [CP] Check Pods Manifest.lock */ = {
			isa = PBXShellScriptBuildPhase;
			buildActionMask = 2147483647;
			files = (
			);
			inputFileListPaths = (
			);
			inputPaths = (
				"${PODS_PODFILE_DIR_PATH}/Podfile.lock",
				"${PODS_ROOT}/Manifest.lock",
			);
			name = "[CP] Check Pods Manifest.lock";
			outputFileListPaths = (
			);
			outputPaths = (
				"$(DERIVED_FILE_DIR)/Pods-GankIOClient-checkManifestLockResult.txt",
			);
			runOnlyForDeploymentPostprocessing = 0;
			shellPath = /bin/sh;
			shellScript = "diff \"${PODS_PODFILE_DIR_PATH}/Podfile.lock\" \"${PODS_ROOT}/Manifest.lock\" > /dev/null\nif [ $? != 0 ] ; then\n    # print error to STDERR\n    echo \"error: The sandbox is not in sync with the Podfile.lock. Run 'pod install' or update your CocoaPods installation.\" >&2\n    exit 1\nfi\n# This output is used by Xcode 'outputs' to avoid re-running this script phase.\necho \"SUCCESS\" > \"${SCRIPT_OUTPUT_FILE_0}\"\n";
			showEnvVarsInLog = 0;
		};
/* End PBXShellScriptBuildPhase section */

/* Begin PBXSourcesBuildPhase section */
		C1E5975D26BA48B3003EDFEA /* Sources */ = {
			isa = PBXSourcesBuildPhase;
			buildActionMask = 2147483647;
			files = (
				C1E5976926BA48B3003EDFEA /* ViewController.swift in Sources */,
				C1E5976526BA48B3003EDFEA /* AppDelegate.swift in Sources */,
				C1E5976726BA48B3003EDFEA /* SceneDelegate.swift in Sources */,
			);
			runOnlyForDeploymentPostprocessing = 0;
		};
/* End PBXSourcesBuildPhase section */

/* Begin PBXVariantGroup section */
		C1E5976F26BA48B5003EDFEA /* LaunchScreen.storyboard */ = {
			isa = PBXVariantGroup;
			children = (
				C1E5977026BA48B5003EDFEA /* Base */,
			);
			name = LaunchScreen.storyboard;
			sourceTree = "<group>";
		};
/* End PBXVariantGroup section */

/* Begin XCBuildConfiguration section */
		C1E5977326BA48B5003EDFEA /* Debug */ = {
			isa = XCBuildConfiguration;
			buildSettings = {
				ALWAYS_SEARCH_USER_PATHS = NO;
				CLANG_ANALYZER_NONNULL = YES;
				CLANG_ANALYZER_NUMBER_OBJECT_CONVERSION = YES_AGGRESSIVE;
				CLANG_CXX_LANGUAGE_STANDARD = "gnu++14";
				CLANG_CXX_LIBRARY = "libc++";
				CLANG_ENABLE_MODULES = YES;
				CLANG_ENABLE_OBJC_ARC = YES;
				CLANG_ENABLE_OBJC_WEAK = YES;
				CLANG_WARN_BLOCK_CAPTURE_AUTORELEASING = YES;
				CLANG_WARN_BOOL_CONVERSION = YES;
				CLANG_WARN_COMMA = YES;
				CLANG_WARN_CONSTANT_CONVERSION = YES;
				CLANG_WARN_DEPRECATED_OBJC_IMPLEMENTATIONS = YES;
				CLANG_WARN_DIRECT_OBJC_ISA_USAGE = YES_ERROR;
				CLANG_WARN_DOCUMENTATION_COMMENTS = YES;
				CLANG_WARN_EMPTY_BODY = YES;
				CLANG_WARN_ENUM_CONVERSION = YES;
				CLANG_WARN_INFINITE_RECURSION = YES;
				CLANG_WARN_INT_CONVERSION = YES;
				CLANG_WARN_NON_LITERAL_NULL_CONVERSION = YES;
				CLANG_WARN_OBJC_IMPLICIT_RETAIN_SELF = YES;
				CLANG_WARN_OBJC_LITERAL_CONVERSION = YES;
				CLANG_WARN_OBJC_ROOT_CLASS = YES_ERROR;
				CLANG_WARN_QUOTED_INCLUDE_IN_FRAMEWORK_HEADER = YES;
				CLANG_WARN_RANGE_LOOP_ANALYSIS = YES;
				CLANG_WARN_STRICT_PROTOTYPES = YES;
				CLANG_WARN_SUSPICIOUS_MOVE = YES;
				CLANG_WARN_UNGUARDED_AVAILABILITY = YES_AGGRESSIVE;
				CLANG_WARN_UNREACHABLE_CODE = YES;
				CLANG_WARN__DUPLICATE_METHOD_MATCH = YES;
				COPY_PHASE_STRIP = NO;
				DEBUG_INFORMATION_FORMAT = dwarf;
				ENABLE_STRICT_OBJC_MSGSEND = YES;
				ENABLE_TESTABILITY = YES;
				GCC_C_LANGUAGE_STANDARD = gnu11;
				GCC_DYNAMIC_NO_PIC = NO;
				GCC_NO_COMMON_BLOCKS = YES;
				GCC_OPTIMIZATION_LEVEL = 0;
				GCC_PREPROCESSOR_DEFINITIONS = (
					"DEBUG=1",
					"$(inherited)",
				);
				GCC_WARN_64_TO_32_BIT_CONVERSION = YES;
				GCC_WARN_ABOUT_RETURN_TYPE = YES_ERROR;
				GCC_WARN_UNDECLARED_SELECTOR = YES;
				GCC_WARN_UNINITIALIZED_AUTOS = YES_AGGRESSIVE;
				GCC_WARN_UNUSED_FUNCTION = YES;
				GCC_WARN_UNUSED_VARIABLE = YES;
				IPHONEOS_DEPLOYMENT_TARGET = 14.5;
				MTL_ENABLE_DEBUG_INFO = INCLUDE_SOURCE;
				MTL_FAST_MATH = YES;
				ONLY_ACTIVE_ARCH = YES;
				SDKROOT = iphoneos;
				SWIFT_ACTIVE_COMPILATION_CONDITIONS = DEBUG;
				SWIFT_OPTIMIZATION_LEVEL = "-Onone";
			};
			name = Debug;
		};
		C1E5977426BA48B5003EDFEA /* Release */ = {
			isa = XCBuildConfiguration;
			buildSettings = {
				ALWAYS_SEARCH_USER_PATHS = NO;
				CLANG_ANALYZER_NONNULL = YES;
				CLANG_ANALYZER_NUMBER_OBJECT_CONVERSION = YES_AGGRESSIVE;
				CLANG_CXX_LANGUAGE_STANDARD = "gnu++14";
				CLANG_CXX_LIBRARY = "libc++";
				CLANG_ENABLE_MODULES = YES;
				CLANG_ENABLE_OBJC_ARC = YES;
				CLANG_ENABLE_OBJC_WEAK = YES;
				CLANG_WARN_BLOCK_CAPTURE_AUTORELEASING = YES;
				CLANG_WARN_BOOL_CONVERSION = YES;
				CLANG_WARN_COMMA = YES;
				CLANG_WARN_CONSTANT_CONVERSION = YES;
				CLANG_WARN_DEPRECATED_OBJC_IMPLEMENTATIONS = YES;
				CLANG_WARN_DIRECT_OBJC_ISA_USAGE = YES_ERROR;
				CLANG_WARN_DOCUMENTATION_COMMENTS = YES;
				CLANG_WARN_EMPTY_BODY = YES;
				CLANG_WARN_ENUM_CONVERSION = YES;
				CLANG_WARN_INFINITE_RECURSION = YES;
				CLANG_WARN_INT_CONVERSION = YES;
				CLANG_WARN_NON_LITERAL_NULL_CONVERSION = YES;
				CLANG_WARN_OBJC_IMPLICIT_RETAIN_SELF = YES;
				CLANG_WARN_OBJC_LITERAL_CONVERSION = YES;
				CLANG_WARN_OBJC_ROOT_CLASS = YES_ERROR;
				CLANG_WARN_QUOTED_INCLUDE_IN_FRAMEWORK_HEADER = YES;
				CLANG_WARN_RANGE_LOOP_ANALYSIS = YES;
				CLANG_WARN_STRICT_PROTOTYPES = YES;
				CLANG_WARN_SUSPICIOUS_MOVE = YES;
				CLANG_WARN_UNGUARDED_AVAILABILITY = YES_AGGRESSIVE;
				CLANG_WARN_UNREACHABLE_CODE = YES;
				CLANG_WARN__DUPLICATE_METHOD_MATCH = YES;
				COPY_PHASE_STRIP = NO;
				DEBUG_INFORMATION_FORMAT = "dwarf-with-dsym";
				ENABLE_NS_ASSERTIONS = NO;
				ENABLE_STRICT_OBJC_MSGSEND = YES;
				GCC_C_LANGUAGE_STANDARD = gnu11;
				GCC_NO_COMMON_BLOCKS = YES;
				GCC_WARN_64_TO_32_BIT_CONVERSION = YES;
				GCC_WARN_ABOUT_RETURN_TYPE = YES_ERROR;
				GCC_WARN_UNDECLARED_SELECTOR = YES;
				GCC_WARN_UNINITIALIZED_AUTOS = YES_AGGRESSIVE;
				GCC_WARN_UNUSED_FUNCTION = YES;
				GCC_WARN_UNUSED_VARIABLE = YES;
				IPHONEOS_DEPLOYMENT_TARGET = 14.5;
				MTL_ENABLE_DEBUG_INFO = NO;
				MTL_FAST_MATH = YES;
				SDKROOT = iphoneos;
				SWIFT_COMPILATION_MODE = wholemodule;
				SWIFT_OPTIMIZATION_LEVEL = "-O";
				VALIDATE_PRODUCT = YES;
			};
			name = Release;
		};
		C1E5977626BA48B5003EDFEA /* Debug */ = {
			isa = XCBuildConfiguration;
			baseConfigurationReference = 6DF7555A8E2B80BF3FA2DC6E /* Pods-GankIOClient.debug.xcconfig */;
			buildSettings = {
				ASSETCATALOG_COMPILER_APPICON_NAME = AppIcon;
				ASSETCATALOG_COMPILER_GLOBAL_ACCENT_COLOR_NAME = AccentColor;
				CODE_SIGN_STYLE = Automatic;
				DEVELOPMENT_TEAM = ZJJN4M5H9R;
				INFOPLIST_FILE = GankIOClient/Info.plist;
				IPHONEOS_DEPLOYMENT_TARGET = 13.0;
				LD_RUNPATH_SEARCH_PATHS = (
					"$(inherited)",
					"@executable_path/Frameworks",
				);
				PRODUCT_BUNDLE_IDENTIFIER = com.passaction.GankIOClient;
				PRODUCT_NAME = "$(TARGET_NAME)";
				SWIFT_VERSION = 5.0;
				TARGETED_DEVICE_FAMILY = "1,2";
			};
			name = Debug;
		};
		C1E5977726BA48B5003EDFEA /* Release */ = {
			isa = XCBuildConfiguration;
			baseConfigurationReference = EB5ABD7567A69AA2C37B463B /* Pods-GankIOClient.release.xcconfig */;
			buildSettings = {
				ASSETCATALOG_COMPILER_APPICON_NAME = AppIcon;
				ASSETCATALOG_COMPILER_GLOBAL_ACCENT_COLOR_NAME = AccentColor;
				CODE_SIGN_STYLE = Automatic;
				DEVELOPMENT_TEAM = ZJJN4M5H9R;
				INFOPLIST_FILE = GankIOClient/Info.plist;
				IPHONEOS_DEPLOYMENT_TARGET = 13.0;
				LD_RUNPATH_SEARCH_PATHS = (
					"$(inherited)",
					"@executable_path/Frameworks",
				);
				PRODUCT_BUNDLE_IDENTIFIER = com.passaction.GankIOClient;
				PRODUCT_NAME = "$(TARGET_NAME)";
				SWIFT_VERSION = 5.0;
				TARGETED_DEVICE_FAMILY = "1,2";
			};
			name = Release;
		};
/* End XCBuildConfiguration section */

/* Begin XCConfigurationList section */
		C1E5975C26BA48B3003EDFEA /* Build configuration list for PBXProject "GankIOClient" */ = {
			isa = XCConfigurationList;
			buildConfigurations = (
				C1E5977326BA48B5003EDFEA /* Debug */,
				C1E5977426BA48B5003EDFEA /* Release */,
			);
			defaultConfigurationIsVisible = 0;
			defaultConfigurationName = Release;
		};
		C1E5977526BA48B5003EDFEA /* Build configuration list for PBXNativeTarget "GankIOClient" */ = {
			isa = XCConfigurationList;
			buildConfigurations = (
				C1E5977626BA48B5003EDFEA /* Debug */,
				C1E5977726BA48B5003EDFEA /* Release */,
			);
			defaultConfigurationIsVisible = 0;
			defaultConfigurationName = Release;
		};
/* End XCConfigurationList section */
	};
	rootObject = C1E5975926BA48B3003EDFEA /* Project object */;
}
